// !$*UTF8*$!
{
	archiveVersion = 1;
	classes = {
	};
	objectVersion = 50;
	objects = {

/* Begin PBXBuildFile section */
		3442539121893B42005BB5E6 /* LoginViewController.swift in Sources */ = {isa = PBXBuildFile; fileRef = 3442539021893B42005BB5E6 /* LoginViewController.swift */; };
		34425393218A6496005BB5E6 /* SignupViewController.swift in Sources */ = {isa = PBXBuildFile; fileRef = 34425392218A6496005BB5E6 /* SignupViewController.swift */; };
		34425395218A6E80005BB5E6 /* HomeViewController.swift in Sources */ = {isa = PBXBuildFile; fileRef = 34425394218A6E80005BB5E6 /* HomeViewController.swift */; };
		34425399218A7483005BB5E6 /* ShopViewController.swift in Sources */ = {isa = PBXBuildFile; fileRef = 34425398218A7483005BB5E6 /* ShopViewController.swift */; };
		3442539B218A7526005BB5E6 /* LocationViewController.swift in Sources */ = {isa = PBXBuildFile; fileRef = 3442539A218A7526005BB5E6 /* LocationViewController.swift */; };
		3442539D218A75A2005BB5E6 /* AccountViewController.swift in Sources */ = {isa = PBXBuildFile; fileRef = 3442539C218A75A2005BB5E6 /* AccountViewController.swift */; };
		3442539F218B284C005BB5E6 /* GoogleService-Info.plist in Resources */ = {isa = PBXBuildFile; fileRef = 3442539E218B284C005BB5E6 /* GoogleService-Info.plist */; };
		344253A1218B3EE7005BB5E6 /* Extensions.swift in Sources */ = {isa = PBXBuildFile; fileRef = 344253A0218B3EE7005BB5E6 /* Extensions.swift */; };
		344253A3218D3951005BB5E6 /* Product.swift in Sources */ = {isa = PBXBuildFile; fileRef = 344253A2218D3951005BB5E6 /* Product.swift */; };
		344D811A218DF80B008E3E91 /* ProductInfoViewController.swift in Sources */ = {isa = PBXBuildFile; fileRef = 344D8119218DF80B008E3E91 /* ProductInfoViewController.swift */; };
		34B93811218E5F870095CFE4 /* Business.swift in Sources */ = {isa = PBXBuildFile; fileRef = 34B93810218E5F870095CFE4 /* Business.swift */; };
		34B93813218E88920095CFE4 /* BusinessViewController.swift in Sources */ = {isa = PBXBuildFile; fileRef = 34B93812218E88920095CFE4 /* BusinessViewController.swift */; };
		34D7CAC9219549E900972F1E /* CartViewController.swift in Sources */ = {isa = PBXBuildFile; fileRef = 34D7CAC8219549E900972F1E /* CartViewController.swift */; };
		990CCA0AB7930EA8BF1D03EB /* Pods_ProductFinder.framework in Frameworks */ = {isa = PBXBuildFile; fileRef = AADFB86CE7B4468A2DB2C7B0 /* Pods_ProductFinder.framework */; };
		AF926230FB66EDD555DE764C /* Pods_ProductFinderUITests.framework in Frameworks */ = {isa = PBXBuildFile; fileRef = 7C67D506A707D09DB2C3CB01 /* Pods_ProductFinderUITests.framework */; };
		C28747F1B0F8DB597B60A26E /* Pods_ProductFinderTests.framework in Frameworks */ = {isa = PBXBuildFile; fileRef = 829F230F2909CCD4E2ABD1D2 /* Pods_ProductFinderTests.framework */; };
		E25DAD5621890449005FAFF4 /* AppDelegate.swift in Sources */ = {isa = PBXBuildFile; fileRef = E25DAD5521890449005FAFF4 /* AppDelegate.swift */; };
		E25DAD5821890449005FAFF4 /* ViewController.swift in Sources */ = {isa = PBXBuildFile; fileRef = E25DAD5721890449005FAFF4 /* ViewController.swift */; };
		E25DAD5B21890449005FAFF4 /* Main.storyboard in Resources */ = {isa = PBXBuildFile; fileRef = E25DAD5921890449005FAFF4 /* Main.storyboard */; };
		E25DAD5D2189044A005FAFF4 /* Assets.xcassets in Resources */ = {isa = PBXBuildFile; fileRef = E25DAD5C2189044A005FAFF4 /* Assets.xcassets */; };
		E25DAD602189044A005FAFF4 /* LaunchScreen.storyboard in Resources */ = {isa = PBXBuildFile; fileRef = E25DAD5E2189044A005FAFF4 /* LaunchScreen.storyboard */; };
		E25DAD6B2189044B005FAFF4 /* ProductFinderTests.swift in Sources */ = {isa = PBXBuildFile; fileRef = E25DAD6A2189044B005FAFF4 /* ProductFinderTests.swift */; };
		E25DAD762189044B005FAFF4 /* ProductFinderUITests.swift in Sources */ = {isa = PBXBuildFile; fileRef = E25DAD752189044B005FAFF4 /* ProductFinderUITests.swift */; };
/* End PBXBuildFile section */

/* Begin PBXContainerItemProxy section */
		E25DAD672189044B005FAFF4 /* PBXContainerItemProxy */ = {
			isa = PBXContainerItemProxy;
			containerPortal = E25DAD4A21890449005FAFF4 /* Project object */;
			proxyType = 1;
			remoteGlobalIDString = E25DAD5121890449005FAFF4;
			remoteInfo = ProductFinder;
		};
		E25DAD722189044B005FAFF4 /* PBXContainerItemProxy */ = {
			isa = PBXContainerItemProxy;
			containerPortal = E25DAD4A21890449005FAFF4 /* Project object */;
			proxyType = 1;
			remoteGlobalIDString = E25DAD5121890449005FAFF4;
			remoteInfo = ProductFinder;
		};
/* End PBXContainerItemProxy section */

/* Begin PBXFileReference section */
		22FFE89E9B0659AEE8773B2A /* Pods-ProductFinderTests.debug.xcconfig */ = {isa = PBXFileReference; includeInIndex = 1; lastKnownFileType = text.xcconfig; name = "Pods-ProductFinderTests.debug.xcconfig"; path = "Pods/Target Support Files/Pods-ProductFinderTests/Pods-ProductFinderTests.debug.xcconfig"; sourceTree = "<group>"; };
		3442539021893B42005BB5E6 /* LoginViewController.swift */ = {isa = PBXFileReference; lastKnownFileType = sourcecode.swift; path = LoginViewController.swift; sourceTree = "<group>"; };
		34425392218A6496005BB5E6 /* SignupViewController.swift */ = {isa = PBXFileReference; lastKnownFileType = sourcecode.swift; path = SignupViewController.swift; sourceTree = "<group>"; };
		34425394218A6E80005BB5E6 /* HomeViewController.swift */ = {isa = PBXFileReference; lastKnownFileType = sourcecode.swift; path = HomeViewController.swift; sourceTree = "<group>"; };
		34425398218A7483005BB5E6 /* ShopViewController.swift */ = {isa = PBXFileReference; lastKnownFileType = sourcecode.swift; path = ShopViewController.swift; sourceTree = "<group>"; };
		3442539A218A7526005BB5E6 /* LocationViewController.swift */ = {isa = PBXFileReference; lastKnownFileType = sourcecode.swift; path = LocationViewController.swift; sourceTree = "<group>"; };
		3442539C218A75A2005BB5E6 /* AccountViewController.swift */ = {isa = PBXFileReference; lastKnownFileType = sourcecode.swift; path = AccountViewController.swift; sourceTree = "<group>"; };
		3442539E218B284C005BB5E6 /* GoogleService-Info.plist */ = {isa = PBXFileReference; fileEncoding = 4; lastKnownFileType = text.plist.xml; path = "GoogleService-Info.plist"; sourceTree = "<group>"; };
		344253A0218B3EE7005BB5E6 /* Extensions.swift */ = {isa = PBXFileReference; lastKnownFileType = sourcecode.swift; path = Extensions.swift; sourceTree = "<group>"; };
		344253A2218D3951005BB5E6 /* Product.swift */ = {isa = PBXFileReference; lastKnownFileType = sourcecode.swift; path = Product.swift; sourceTree = "<group>"; };
		344D8119218DF80B008E3E91 /* ProductInfoViewController.swift */ = {isa = PBXFileReference; lastKnownFileType = sourcecode.swift; path = ProductInfoViewController.swift; sourceTree = "<group>"; };
		34B93810218E5F870095CFE4 /* Business.swift */ = {isa = PBXFileReference; lastKnownFileType = sourcecode.swift; path = Business.swift; sourceTree = "<group>"; };
		34B93812218E88920095CFE4 /* BusinessViewController.swift */ = {isa = PBXFileReference; lastKnownFileType = sourcecode.swift; path = BusinessViewController.swift; sourceTree = "<group>"; };
		34D7CAC8219549E900972F1E /* CartViewController.swift */ = {isa = PBXFileReference; lastKnownFileType = sourcecode.swift; path = CartViewController.swift; sourceTree = "<group>"; };
		38DFC7748F1748E433518020 /* Pods-ProductFinder.debug.xcconfig */ = {isa = PBXFileReference; includeInIndex = 1; lastKnownFileType = text.xcconfig; name = "Pods-ProductFinder.debug.xcconfig"; path = "Pods/Target Support Files/Pods-ProductFinder/Pods-ProductFinder.debug.xcconfig"; sourceTree = "<group>"; };
		53F528DE94E879A2F94BCDC3 /* Pods-ProductFinderUITests.release.xcconfig */ = {isa = PBXFileReference; includeInIndex = 1; lastKnownFileType = text.xcconfig; name = "Pods-ProductFinderUITests.release.xcconfig"; path = "Pods/Target Support Files/Pods-ProductFinderUITests/Pods-ProductFinderUITests.release.xcconfig"; sourceTree = "<group>"; };
		7C67D506A707D09DB2C3CB01 /* Pods_ProductFinderUITests.framework */ = {isa = PBXFileReference; explicitFileType = wrapper.framework; includeInIndex = 0; path = Pods_ProductFinderUITests.framework; sourceTree = BUILT_PRODUCTS_DIR; };
		829F230F2909CCD4E2ABD1D2 /* Pods_ProductFinderTests.framework */ = {isa = PBXFileReference; explicitFileType = wrapper.framework; includeInIndex = 0; path = Pods_ProductFinderTests.framework; sourceTree = BUILT_PRODUCTS_DIR; };
		AADFB86CE7B4468A2DB2C7B0 /* Pods_ProductFinder.framework */ = {isa = PBXFileReference; explicitFileType = wrapper.framework; includeInIndex = 0; path = Pods_ProductFinder.framework; sourceTree = BUILT_PRODUCTS_DIR; };
		B0F522D506597EA8598B1185 /* Pods-ProductFinderTests.release.xcconfig */ = {isa = PBXFileReference; includeInIndex = 1; lastKnownFileType = text.xcconfig; name = "Pods-ProductFinderTests.release.xcconfig"; path = "Pods/Target Support Files/Pods-ProductFinderTests/Pods-ProductFinderTests.release.xcconfig"; sourceTree = "<group>"; };
		C9F3325B33FE569A2A0E0D33 /* Pods-ProductFinder.release.xcconfig */ = {isa = PBXFileReference; includeInIndex = 1; lastKnownFileType = text.xcconfig; name = "Pods-ProductFinder.release.xcconfig"; path = "Pods/Target Support Files/Pods-ProductFinder/Pods-ProductFinder.release.xcconfig"; sourceTree = "<group>"; };
		D6E95FE2BC3093518F2B6360 /* Pods-ProductFinderUITests.debug.xcconfig */ = {isa = PBXFileReference; includeInIndex = 1; lastKnownFileType = text.xcconfig; name = "Pods-ProductFinderUITests.debug.xcconfig"; path = "Pods/Target Support Files/Pods-ProductFinderUITests/Pods-ProductFinderUITests.debug.xcconfig"; sourceTree = "<group>"; };
		E25DAD5221890449005FAFF4 /* ProductFinder.app */ = {isa = PBXFileReference; explicitFileType = wrapper.application; includeInIndex = 0; path = ProductFinder.app; sourceTree = BUILT_PRODUCTS_DIR; };
		E25DAD5521890449005FAFF4 /* AppDelegate.swift */ = {isa = PBXFileReference; lastKnownFileType = sourcecode.swift; path = AppDelegate.swift; sourceTree = "<group>"; };
		E25DAD5721890449005FAFF4 /* ViewController.swift */ = {isa = PBXFileReference; lastKnownFileType = sourcecode.swift; path = ViewController.swift; sourceTree = "<group>"; };
		E25DAD5A21890449005FAFF4 /* Base */ = {isa = PBXFileReference; lastKnownFileType = file.storyboard; name = Base; path = Base.lproj/Main.storyboard; sourceTree = "<group>"; };
		E25DAD5C2189044A005FAFF4 /* Assets.xcassets */ = {isa = PBXFileReference; lastKnownFileType = folder.assetcatalog; path = Assets.xcassets; sourceTree = "<group>"; };
		E25DAD5F2189044A005FAFF4 /* Base */ = {isa = PBXFileReference; lastKnownFileType = file.storyboard; name = Base; path = Base.lproj/LaunchScreen.storyboard; sourceTree = "<group>"; };
		E25DAD612189044A005FAFF4 /* Info.plist */ = {isa = PBXFileReference; lastKnownFileType = text.plist.xml; path = Info.plist; sourceTree = "<group>"; };
		E25DAD662189044B005FAFF4 /* ProductFinderTests.xctest */ = {isa = PBXFileReference; explicitFileType = wrapper.cfbundle; includeInIndex = 0; path = ProductFinderTests.xctest; sourceTree = BUILT_PRODUCTS_DIR; };
		E25DAD6A2189044B005FAFF4 /* ProductFinderTests.swift */ = {isa = PBXFileReference; lastKnownFileType = sourcecode.swift; path = ProductFinderTests.swift; sourceTree = "<group>"; };
		E25DAD6C2189044B005FAFF4 /* Info.plist */ = {isa = PBXFileReference; lastKnownFileType = text.plist.xml; path = Info.plist; sourceTree = "<group>"; };
		E25DAD712189044B005FAFF4 /* ProductFinderUITests.xctest */ = {isa = PBXFileReference; explicitFileType = wrapper.cfbundle; includeInIndex = 0; path = ProductFinderUITests.xctest; sourceTree = BUILT_PRODUCTS_DIR; };
		E25DAD752189044B005FAFF4 /* ProductFinderUITests.swift */ = {isa = PBXFileReference; lastKnownFileType = sourcecode.swift; path = ProductFinderUITests.swift; sourceTree = "<group>"; };
		E25DAD772189044B005FAFF4 /* Info.plist */ = {isa = PBXFileReference; lastKnownFileType = text.plist.xml; path = Info.plist; sourceTree = "<group>"; };
/* End PBXFileReference section */

/* Begin PBXFrameworksBuildPhase section */
		E25DAD4F21890449005FAFF4 /* Frameworks */ = {
			isa = PBXFrameworksBuildPhase;
			buildActionMask = 2147483647;
			files = (
				990CCA0AB7930EA8BF1D03EB /* Pods_ProductFinder.framework in Frameworks */,
			);
			runOnlyForDeploymentPostprocessing = 0;
		};
		E25DAD632189044B005FAFF4 /* Frameworks */ = {
			isa = PBXFrameworksBuildPhase;
			buildActionMask = 2147483647;
			files = (
				C28747F1B0F8DB597B60A26E /* Pods_ProductFinderTests.framework in Frameworks */,
			);
			runOnlyForDeploymentPostprocessing = 0;
		};
		E25DAD6E2189044B005FAFF4 /* Frameworks */ = {
			isa = PBXFrameworksBuildPhase;
			buildActionMask = 2147483647;
			files = (
				AF926230FB66EDD555DE764C /* Pods_ProductFinderUITests.framework in Frameworks */,
			);
			runOnlyForDeploymentPostprocessing = 0;
		};
/* End PBXFrameworksBuildPhase section */

/* Begin PBXGroup section */
		02295F984158E25C6313CBFD /* Frameworks */ = {
			isa = PBXGroup;
			children = (
				AADFB86CE7B4468A2DB2C7B0 /* Pods_ProductFinder.framework */,
				829F230F2909CCD4E2ABD1D2 /* Pods_ProductFinderTests.framework */,
				7C67D506A707D09DB2C3CB01 /* Pods_ProductFinderUITests.framework */,
			);
			name = Frameworks;
			sourceTree = "<group>";
		};
		3442538F218922ED005BB5E6 /* Custom UI */ = {
			isa = PBXGroup;
			children = (
			);
			path = "Custom UI";
			sourceTree = "<group>";
		};
		DCEFC115B0C4E7C981802C3C /* Pods */ = {
			isa = PBXGroup;
			children = (
				38DFC7748F1748E433518020 /* Pods-ProductFinder.debug.xcconfig */,
				C9F3325B33FE569A2A0E0D33 /* Pods-ProductFinder.release.xcconfig */,
				22FFE89E9B0659AEE8773B2A /* Pods-ProductFinderTests.debug.xcconfig */,
				B0F522D506597EA8598B1185 /* Pods-ProductFinderTests.release.xcconfig */,
				D6E95FE2BC3093518F2B6360 /* Pods-ProductFinderUITests.debug.xcconfig */,
				53F528DE94E879A2F94BCDC3 /* Pods-ProductFinderUITests.release.xcconfig */,
			);
			name = Pods;
			sourceTree = "<group>";
		};
		E25DAD4921890449005FAFF4 = {
			isa = PBXGroup;
			children = (
				E25DAD5421890449005FAFF4 /* ProductFinder */,
				E25DAD692189044B005FAFF4 /* ProductFinderTests */,
				E25DAD742189044B005FAFF4 /* ProductFinderUITests */,
				E25DAD5321890449005FAFF4 /* Products */,
				DCEFC115B0C4E7C981802C3C /* Pods */,
				02295F984158E25C6313CBFD /* Frameworks */,
			);
			sourceTree = "<group>";
		};
		E25DAD5321890449005FAFF4 /* Products */ = {
			isa = PBXGroup;
			children = (
				E25DAD5221890449005FAFF4 /* ProductFinder.app */,
				E25DAD662189044B005FAFF4 /* ProductFinderTests.xctest */,
				E25DAD712189044B005FAFF4 /* ProductFinderUITests.xctest */,
			);
			name = Products;
			sourceTree = "<group>";
		};
		E25DAD5421890449005FAFF4 /* ProductFinder */ = {
			isa = PBXGroup;
			children = (
				3442538F218922ED005BB5E6 /* Custom UI */,
				E25DAD5521890449005FAFF4 /* AppDelegate.swift */,
				E25DAD5721890449005FAFF4 /* ViewController.swift */,
				3442539021893B42005BB5E6 /* LoginViewController.swift */,
				34425398218A7483005BB5E6 /* ShopViewController.swift */,
				344253A2218D3951005BB5E6 /* Product.swift */,
				34425394218A6E80005BB5E6 /* HomeViewController.swift */,
				344253A0218B3EE7005BB5E6 /* Extensions.swift */,
				3442539C218A75A2005BB5E6 /* AccountViewController.swift */,
				34425392218A6496005BB5E6 /* SignupViewController.swift */,
				3442539A218A7526005BB5E6 /* LocationViewController.swift */,
				34B93812218E88920095CFE4 /* BusinessViewController.swift */,
				34B93810218E5F870095CFE4 /* Business.swift */,
				344D8119218DF80B008E3E91 /* ProductInfoViewController.swift */,
				34D7CAC8219549E900972F1E /* CartViewController.swift */,
				E25DAD5921890449005FAFF4 /* Main.storyboard */,
				E25DAD5C2189044A005FAFF4 /* Assets.xcassets */,
				E25DAD5E2189044A005FAFF4 /* LaunchScreen.storyboard */,
				E25DAD612189044A005FAFF4 /* Info.plist */,
				3442539E218B284C005BB5E6 /* GoogleService-Info.plist */,
			);
			path = ProductFinder;
			sourceTree = "<group>";
		};
		E25DAD692189044B005FAFF4 /* ProductFinderTests */ = {
			isa = PBXGroup;
			children = (
				E25DAD6A2189044B005FAFF4 /* ProductFinderTests.swift */,
				E25DAD6C2189044B005FAFF4 /* Info.plist */,
			);
			path = ProductFinderTests;
			sourceTree = "<group>";
		};
		E25DAD742189044B005FAFF4 /* ProductFinderUITests */ = {
			isa = PBXGroup;
			children = (
				E25DAD752189044B005FAFF4 /* ProductFinderUITests.swift */,
				E25DAD772189044B005FAFF4 /* Info.plist */,
			);
			path = ProductFinderUITests;
			sourceTree = "<group>";
		};
/* End PBXGroup section */

/* Begin PBXNativeTarget section */
		E25DAD5121890449005FAFF4 /* ProductFinder */ = {
			isa = PBXNativeTarget;
			buildConfigurationList = E25DAD7A2189044B005FAFF4 /* Build configuration list for PBXNativeTarget "ProductFinder" */;
			buildPhases = (
				2DD9395F05DBE3AE32493F0D /* [CP] Check Pods Manifest.lock */,
				E25DAD4E21890449005FAFF4 /* Sources */,
				E25DAD4F21890449005FAFF4 /* Frameworks */,
				E25DAD5021890449005FAFF4 /* Resources */,
				5B856E001020028477B20199 /* [CP] Embed Pods Frameworks */,
				6EBF4D43548F9AEE5D822B76 /* [CP] Copy Pods Resources */,
			);
			buildRules = (
			);
			dependencies = (
			);
			name = ProductFinder;
			productName = ProductFinder;
			productReference = E25DAD5221890449005FAFF4 /* ProductFinder.app */;
			productType = "com.apple.product-type.application";
		};
		E25DAD652189044B005FAFF4 /* ProductFinderTests */ = {
			isa = PBXNativeTarget;
			buildConfigurationList = E25DAD7D2189044B005FAFF4 /* Build configuration list for PBXNativeTarget "ProductFinderTests" */;
			buildPhases = (
				7C26AFAF7F707EAEB23C7324 /* [CP] Check Pods Manifest.lock */,
				E25DAD622189044B005FAFF4 /* Sources */,
				E25DAD632189044B005FAFF4 /* Frameworks */,
				E25DAD642189044B005FAFF4 /* Resources */,
			);
			buildRules = (
			);
			dependencies = (
				E25DAD682189044B005FAFF4 /* PBXTargetDependency */,
			);
			name = ProductFinderTests;
			productName = ProductFinderTests;
			productReference = E25DAD662189044B005FAFF4 /* ProductFinderTests.xctest */;
			productType = "com.apple.product-type.bundle.unit-test";
		};
		E25DAD702189044B005FAFF4 /* ProductFinderUITests */ = {
			isa = PBXNativeTarget;
			buildConfigurationList = E25DAD802189044B005FAFF4 /* Build configuration list for PBXNativeTarget "ProductFinderUITests" */;
			buildPhases = (
				E2620FEA06C48828CF9CB235 /* [CP] Check Pods Manifest.lock */,
				E25DAD6D2189044B005FAFF4 /* Sources */,
				E25DAD6E2189044B005FAFF4 /* Frameworks */,
				E25DAD6F2189044B005FAFF4 /* Resources */,
			);
			buildRules = (
			);
			dependencies = (
				E25DAD732189044B005FAFF4 /* PBXTargetDependency */,
			);
			name = ProductFinderUITests;
			productName = ProductFinderUITests;
			productReference = E25DAD712189044B005FAFF4 /* ProductFinderUITests.xctest */;
			productType = "com.apple.product-type.bundle.ui-testing";
		};
/* End PBXNativeTarget section */

/* Begin PBXProject section */
		E25DAD4A21890449005FAFF4 /* Project object */ = {
			isa = PBXProject;
			attributes = {
				LastSwiftUpdateCheck = 1000;
				LastUpgradeCheck = 1000;
				ORGANIZATIONNAME = "Karim Arem";
				TargetAttributes = {
					E25DAD5121890449005FAFF4 = {
						CreatedOnToolsVersion = 10.0;
					};
					E25DAD652189044B005FAFF4 = {
						CreatedOnToolsVersion = 10.0;
						TestTargetID = E25DAD5121890449005FAFF4;
					};
					E25DAD702189044B005FAFF4 = {
						CreatedOnToolsVersion = 10.0;
						TestTargetID = E25DAD5121890449005FAFF4;
					};
				};
			};
			buildConfigurationList = E25DAD4D21890449005FAFF4 /* Build configuration list for PBXProject "ProductFinder" */;
			compatibilityVersion = "Xcode 9.3";
			developmentRegion = en;
			hasScannedForEncodings = 0;
			knownRegions = (
				en,
				Base,
			);
			mainGroup = E25DAD4921890449005FAFF4;
			productRefGroup = E25DAD5321890449005FAFF4 /* Products */;
			projectDirPath = "";
			projectRoot = "";
			targets = (
				E25DAD5121890449005FAFF4 /* ProductFinder */,
				E25DAD652189044B005FAFF4 /* ProductFinderTests */,
				E25DAD702189044B005FAFF4 /* ProductFinderUITests */,
			);
		};
/* End PBXProject section */

/* Begin PBXResourcesBuildPhase section */
		E25DAD5021890449005FAFF4 /* Resources */ = {
			isa = PBXResourcesBuildPhase;
			buildActionMask = 2147483647;
			files = (
				E25DAD602189044A005FAFF4 /* LaunchScreen.storyboard in Resources */,
				E25DAD5D2189044A005FAFF4 /* Assets.xcassets in Resources */,
				E25DAD5B21890449005FAFF4 /* Main.storyboard in Resources */,
				3442539F218B284C005BB5E6 /* GoogleService-Info.plist in Resources */,
			);
			runOnlyForDeploymentPostprocessing = 0;
		};
		E25DAD642189044B005FAFF4 /* Resources */ = {
			isa = PBXResourcesBuildPhase;
			buildActionMask = 2147483647;
			files = (
			);
			runOnlyForDeploymentPostprocessing = 0;
		};
		E25DAD6F2189044B005FAFF4 /* Resources */ = {
			isa = PBXResourcesBuildPhase;
			buildActionMask = 2147483647;
			files = (
			);
			runOnlyForDeploymentPostprocessing = 0;
		};
/* End PBXResourcesBuildPhase section */

/* Begin PBXShellScriptBuildPhase section */
		2DD9395F05DBE3AE32493F0D /* [CP] Check Pods Manifest.lock */ = {
			isa = PBXShellScriptBuildPhase;
			buildActionMask = 2147483647;
			files = (
			);
			inputPaths = (
				"${PODS_PODFILE_DIR_PATH}/Podfile.lock",
				"${PODS_ROOT}/Manifest.lock",
			);
			name = "[CP] Check Pods Manifest.lock";
			outputPaths = (
				"$(DERIVED_FILE_DIR)/Pods-ProductFinder-checkManifestLockResult.txt",
			);
			runOnlyForDeploymentPostprocessing = 0;
			shellPath = /bin/sh;
			shellScript = "diff \"${PODS_PODFILE_DIR_PATH}/Podfile.lock\" \"${PODS_ROOT}/Manifest.lock\" > /dev/null\nif [ $? != 0 ] ; then\n    # print error to STDERR\n    echo \"error: The sandbox is not in sync with the Podfile.lock. Run 'pod install' or update your CocoaPods installation.\" >&2\n    exit 1\nfi\n# This output is used by Xcode 'outputs' to avoid re-running this script phase.\necho \"SUCCESS\" > \"${SCRIPT_OUTPUT_FILE_0}\"\n";
			showEnvVarsInLog = 0;
		};
		5B856E001020028477B20199 /* [CP] Embed Pods Frameworks */ = {
			isa = PBXShellScriptBuildPhase;
			buildActionMask = 2147483647;
			files = (
			);
			inputPaths = (
				"${SRCROOT}/Pods/Target Support Files/Pods-ProductFinder/Pods-ProductFinder-frameworks.sh",
				"${BUILT_PRODUCTS_DIR}/ChameleonFramework/ChameleonFramework.framework",
				"${BUILT_PRODUCTS_DIR}/GTMSessionFetcher/GTMSessionFetcher.framework",
				"${BUILT_PRODUCTS_DIR}/GoogleUtilities/GoogleUtilities.framework",
				"${BUILT_PRODUCTS_DIR}/ReactiveSwift/ReactiveSwift.framework",
				"${BUILT_PRODUCTS_DIR}/Result/Result.framework",
				"${BUILT_PRODUCTS_DIR}/SVProgressHUD/SVProgressHUD.framework",
				"${BUILT_PRODUCTS_DIR}/leveldb-library/leveldb.framework",
				"${BUILT_PRODUCTS_DIR}/nanopb/nanopb.framework",
			);
			name = "[CP] Embed Pods Frameworks";
			outputPaths = (
				"${TARGET_BUILD_DIR}/${FRAMEWORKS_FOLDER_PATH}/ChameleonFramework.framework",
				"${TARGET_BUILD_DIR}/${FRAMEWORKS_FOLDER_PATH}/GTMSessionFetcher.framework",
				"${TARGET_BUILD_DIR}/${FRAMEWORKS_FOLDER_PATH}/GoogleUtilities.framework",
				"${TARGET_BUILD_DIR}/${FRAMEWORKS_FOLDER_PATH}/ReactiveSwift.framework",
				"${TARGET_BUILD_DIR}/${FRAMEWORKS_FOLDER_PATH}/Result.framework",
				"${TARGET_BUILD_DIR}/${FRAMEWORKS_FOLDER_PATH}/SVProgressHUD.framework",
				"${TARGET_BUILD_DIR}/${FRAMEWORKS_FOLDER_PATH}/leveldb.framework",
				"${TARGET_BUILD_DIR}/${FRAMEWORKS_FOLDER_PATH}/nanopb.framework",
			);
			runOnlyForDeploymentPostprocessing = 0;
			shellPath = /bin/sh;
			shellScript = "\"${SRCROOT}/Pods/Target Support Files/Pods-ProductFinder/Pods-ProductFinder-frameworks.sh\"\n";
			showEnvVarsInLog = 0;
		};
		6EBF4D43548F9AEE5D822B76 /* [CP] Copy Pods Resources */ = {
			isa = PBXShellScriptBuildPhase;
			buildActionMask = 2147483647;
			files = (
			);
			inputPaths = (
				"${SRCROOT}/Pods/Target Support Files/Pods-ProductFinder/Pods-ProductFinder-resources.sh",
				"${PODS_ROOT}/GoogleMaps/Maps/Frameworks/GoogleMaps.framework/Resources/GoogleMaps.bundle",
				"${PODS_ROOT}/GooglePlaces/Frameworks/GooglePlaces.framework/Resources/GooglePlaces.bundle",
			);
			name = "[CP] Copy Pods Resources";
			outputPaths = (
				"${TARGET_BUILD_DIR}/${UNLOCALIZED_RESOURCES_FOLDER_PATH}/GoogleMaps.bundle",
				"${TARGET_BUILD_DIR}/${UNLOCALIZED_RESOURCES_FOLDER_PATH}/GooglePlaces.bundle",
			);
			runOnlyForDeploymentPostprocessing = 0;
			shellPath = /bin/sh;
			shellScript = "\"${SRCROOT}/Pods/Target Support Files/Pods-ProductFinder/Pods-ProductFinder-resources.sh\"\n";
			showEnvVarsInLog = 0;
		};
		7C26AFAF7F707EAEB23C7324 /* [CP] Check Pods Manifest.lock */ = {
			isa = PBXShellScriptBuildPhase;
			buildActionMask = 2147483647;
			files = (
			);
			inputPaths = (
				"${PODS_PODFILE_DIR_PATH}/Podfile.lock",
				"${PODS_ROOT}/Manifest.lock",
			);
			name = "[CP] Check Pods Manifest.lock";
			outputPaths = (
				"$(DERIVED_FILE_DIR)/Pods-ProductFinderTests-checkManifestLockResult.txt",
			);
			runOnlyForDeploymentPostprocessing = 0;
			shellPath = /bin/sh;
			shellScript = "diff \"${PODS_PODFILE_DIR_PATH}/Podfile.lock\" \"${PODS_ROOT}/Manifest.lock\" > /dev/null\nif [ $? != 0 ] ; then\n    # print error to STDERR\n    echo \"error: The sandbox is not in sync with the Podfile.lock. Run 'pod install' or update your CocoaPods installation.\" >&2\n    exit 1\nfi\n# This output is used by Xcode 'outputs' to avoid re-running this script phase.\necho \"SUCCESS\" > \"${SCRIPT_OUTPUT_FILE_0}\"\n";
			showEnvVarsInLog = 0;
		};
		E2620FEA06C48828CF9CB235 /* [CP] Check Pods Manifest.lock */ = {
			isa = PBXShellScriptBuildPhase;
			buildActionMask = 2147483647;
			files = (
			);
			inputPaths = (
				"${PODS_PODFILE_DIR_PATH}/Podfile.lock",
				"${PODS_ROOT}/Manifest.lock",
			);
			name = "[CP] Check Pods Manifest.lock";
			outputPaths = (
				"$(DERIVED_FILE_DIR)/Pods-ProductFinderUITests-checkManifestLockResult.txt",
			);
			runOnlyForDeploymentPostprocessing = 0;
			shellPath = /bin/sh;
			shellScript = "diff \"${PODS_PODFILE_DIR_PATH}/Podfile.lock\" \"${PODS_ROOT}/Manifest.lock\" > /dev/null\nif [ $? != 0 ] ; then\n    # print error to STDERR\n    echo \"error: The sandbox is not in sync with the Podfile.lock. Run 'pod install' or update your CocoaPods installation.\" >&2\n    exit 1\nfi\n# This output is used by Xcode 'outputs' to avoid re-running this script phase.\necho \"SUCCESS\" > \"${SCRIPT_OUTPUT_FILE_0}\"\n";
			showEnvVarsInLog = 0;
		};
/* End PBXShellScriptBuildPhase section */

/* Begin PBXSourcesBuildPhase section */
		E25DAD4E21890449005FAFF4 /* Sources */ = {
			isa = PBXSourcesBuildPhase;
			buildActionMask = 2147483647;
			files = (
				34425395218A6E80005BB5E6 /* HomeViewController.swift in Sources */,
				344253A1218B3EE7005BB5E6 /* Extensions.swift in Sources */,
				34D7CAC9219549E900972F1E /* CartViewController.swift in Sources */,
				E25DAD5821890449005FAFF4 /* ViewController.swift in Sources */,
				3442539121893B42005BB5E6 /* LoginViewController.swift in Sources */,
				34425393218A6496005BB5E6 /* SignupViewController.swift in Sources */,
				34B93813218E88920095CFE4 /* BusinessViewController.swift in Sources */,
				34425399218A7483005BB5E6 /* ShopViewController.swift in Sources */,
				E25DAD5621890449005FAFF4 /* AppDelegate.swift in Sources */,
				344253A3218D3951005BB5E6 /* Product.swift in Sources */,
				344D811A218DF80B008E3E91 /* ProductInfoViewController.swift in Sources */,
				34B93811218E5F870095CFE4 /* Business.swift in Sources */,
				3442539B218A7526005BB5E6 /* LocationViewController.swift in Sources */,
				3442539D218A75A2005BB5E6 /* AccountViewController.swift in Sources */,
			);
			runOnlyForDeploymentPostprocessing = 0;
		};
		E25DAD622189044B005FAFF4 /* Sources */ = {
			isa = PBXSourcesBuildPhase;
			buildActionMask = 2147483647;
			files = (
				E25DAD6B2189044B005FAFF4 /* ProductFinderTests.swift in Sources */,
			);
			runOnlyForDeploymentPostprocessing = 0;
		};
		E25DAD6D2189044B005FAFF4 /* Sources */ = {
			isa = PBXSourcesBuildPhase;
			buildActionMask = 2147483647;
			files = (
				E25DAD762189044B005FAFF4 /* ProductFinderUITests.swift in Sources */,
			);
			runOnlyForDeploymentPostprocessing = 0;
		};
/* End PBXSourcesBuildPhase section */

/* Begin PBXTargetDependency section */
		E25DAD682189044B005FAFF4 /* PBXTargetDependency */ = {
			isa = PBXTargetDependency;
			target = E25DAD5121890449005FAFF4 /* ProductFinder */;
			targetProxy = E25DAD672189044B005FAFF4 /* PBXContainerItemProxy */;
		};
		E25DAD732189044B005FAFF4 /* PBXTargetDependency */ = {
			isa = PBXTargetDependency;
			target = E25DAD5121890449005FAFF4 /* ProductFinder */;
			targetProxy = E25DAD722189044B005FAFF4 /* PBXContainerItemProxy */;
		};
/* End PBXTargetDependency section */

/* Begin PBXVariantGroup section */
		E25DAD5921890449005FAFF4 /* Main.storyboard */ = {
			isa = PBXVariantGroup;
			children = (
				E25DAD5A21890449005FAFF4 /* Base */,
			);
			name = Main.storyboard;
			sourceTree = "<group>";
		};
		E25DAD5E2189044A005FAFF4 /* LaunchScreen.storyboard */ = {
			isa = PBXVariantGroup;
			children = (
				E25DAD5F2189044A005FAFF4 /* Base */,
			);
			name = LaunchScreen.storyboard;
			sourceTree = "<group>";
		};
/* End PBXVariantGroup section */

/* Begin XCBuildConfiguration section */
		E25DAD782189044B005FAFF4 /* Debug */ = {
			isa = XCBuildConfiguration;
			buildSettings = {
				ALWAYS_SEARCH_USER_PATHS = NO;
				CLANG_ANALYZER_NONNULL = YES;
				CLANG_ANALYZER_NUMBER_OBJECT_CONVERSION = YES_AGGRESSIVE;
				CLANG_CXX_LANGUAGE_STANDARD = "gnu++14";
				CLANG_CXX_LIBRARY = "libc++";
				CLANG_ENABLE_MODULES = YES;
				CLANG_ENABLE_OBJC_ARC = YES;
				CLANG_ENABLE_OBJC_WEAK = YES;
				CLANG_WARN_BLOCK_CAPTURE_AUTORELEASING = YES;
				CLANG_WARN_BOOL_CONVERSION = YES;
				CLANG_WARN_COMMA = YES;
				CLANG_WARN_CONSTANT_CONVERSION = YES;
				CLANG_WARN_DEPRECATED_OBJC_IMPLEMENTATIONS = YES;
				CLANG_WARN_DIRECT_OBJC_ISA_USAGE = YES_ERROR;
				CLANG_WARN_DOCUMENTATION_COMMENTS = YES;
				CLANG_WARN_EMPTY_BODY = YES;
				CLANG_WARN_ENUM_CONVERSION = YES;
				CLANG_WARN_INFINITE_RECURSION = YES;
				CLANG_WARN_INT_CONVERSION = YES;
				CLANG_WARN_NON_LITERAL_NULL_CONVERSION = YES;
				CLANG_WARN_OBJC_IMPLICIT_RETAIN_SELF = YES;
				CLANG_WARN_OBJC_LITERAL_CONVERSION = YES;
				CLANG_WARN_OBJC_ROOT_CLASS = YES_ERROR;
				CLANG_WARN_RANGE_LOOP_ANALYSIS = YES;
				CLANG_WARN_STRICT_PROTOTYPES = YES;
				CLANG_WARN_SUSPICIOUS_MOVE = YES;
				CLANG_WARN_UNGUARDED_AVAILABILITY = YES_AGGRESSIVE;
				CLANG_WARN_UNREACHABLE_CODE = YES;
				CLANG_WARN__DUPLICATE_METHOD_MATCH = YES;
				CODE_SIGN_IDENTITY = "iPhone Developer";
				COPY_PHASE_STRIP = NO;
				DEBUG_INFORMATION_FORMAT = dwarf;
				ENABLE_STRICT_OBJC_MSGSEND = YES;
				ENABLE_TESTABILITY = YES;
				GCC_C_LANGUAGE_STANDARD = gnu11;
				GCC_DYNAMIC_NO_PIC = NO;
				GCC_NO_COMMON_BLOCKS = YES;
				GCC_OPTIMIZATION_LEVEL = 0;
				GCC_PREPROCESSOR_DEFINITIONS = (
					"DEBUG=1",
					"$(inherited)",
				);
				GCC_WARN_64_TO_32_BIT_CONVERSION = YES;
				GCC_WARN_ABOUT_RETURN_TYPE = YES_ERROR;
				GCC_WARN_UNDECLARED_SELECTOR = YES;
				GCC_WARN_UNINITIALIZED_AUTOS = YES_AGGRESSIVE;
				GCC_WARN_UNUSED_FUNCTION = YES;
				GCC_WARN_UNUSED_VARIABLE = YES;
				IPHONEOS_DEPLOYMENT_TARGET = 12.0;
				MTL_ENABLE_DEBUG_INFO = INCLUDE_SOURCE;
				MTL_FAST_MATH = YES;
				ONLY_ACTIVE_ARCH = YES;
				SDKROOT = iphoneos;
				SWIFT_ACTIVE_COMPILATION_CONDITIONS = DEBUG;
				SWIFT_OPTIMIZATION_LEVEL = "-Onone";
			};
			name = Debug;
		};
		E25DAD792189044B005FAFF4 /* Release */ = {
			isa = XCBuildConfiguration;
			buildSettings = {
				ALWAYS_SEARCH_USER_PATHS = NO;
				CLANG_ANALYZER_NONNULL = YES;
				CLANG_ANALYZER_NUMBER_OBJECT_CONVERSION = YES_AGGRESSIVE;
				CLANG_CXX_LANGUAGE_STANDARD = "gnu++14";
				CLANG_CXX_LIBRARY = "libc++";
				CLANG_ENABLE_MODULES = YES;
				CLANG_ENABLE_OBJC_ARC = YES;
				CLANG_ENABLE_OBJC_WEAK = YES;
				CLANG_WARN_BLOCK_CAPTURE_AUTORELEASING = YES;
				CLANG_WARN_BOOL_CONVERSION = YES;
				CLANG_WARN_COMMA = YES;
				CLANG_WARN_CONSTANT_CONVERSION = YES;
				CLANG_WARN_DEPRECATED_OBJC_IMPLEMENTATIONS = YES;
				CLANG_WARN_DIRECT_OBJC_ISA_USAGE = YES_ERROR;
				CLANG_WARN_DOCUMENTATION_COMMENTS = YES;
				CLANG_WARN_EMPTY_BODY = YES;
				CLANG_WARN_ENUM_CONVERSION = YES;
				CLANG_WARN_INFINITE_RECURSION = YES;
				CLANG_WARN_INT_CONVERSION = YES;
				CLANG_WARN_NON_LITERAL_NULL_CONVERSION = YES;
				CLANG_WARN_OBJC_IMPLICIT_RETAIN_SELF = YES;
				CLANG_WARN_OBJC_LITERAL_CONVERSION = YES;
				CLANG_WARN_OBJC_ROOT_CLASS = YES_ERROR;
				CLANG_WARN_RANGE_LOOP_ANALYSIS = YES;
				CLANG_WARN_STRICT_PROTOTYPES = YES;
				CLANG_WARN_SUSPICIOUS_MOVE = YES;
				CLANG_WARN_UNGUARDED_AVAILABILITY = YES_AGGRESSIVE;
				CLANG_WARN_UNREACHABLE_CODE = YES;
				CLANG_WARN__DUPLICATE_METHOD_MATCH = YES;
				CODE_SIGN_IDENTITY = "iPhone Developer";
				COPY_PHASE_STRIP = NO;
				DEBUG_INFORMATION_FORMAT = "dwarf-with-dsym";
				ENABLE_NS_ASSERTIONS = NO;
				ENABLE_STRICT_OBJC_MSGSEND = YES;
				GCC_C_LANGUAGE_STANDARD = gnu11;
				GCC_NO_COMMON_BLOCKS = YES;
				GCC_WARN_64_TO_32_BIT_CONVERSION = YES;
				GCC_WARN_ABOUT_RETURN_TYPE = YES_ERROR;
				GCC_WARN_UNDECLARED_SELECTOR = YES;
				GCC_WARN_UNINITIALIZED_AUTOS = YES_AGGRESSIVE;
				GCC_WARN_UNUSED_FUNCTION = YES;
				GCC_WARN_UNUSED_VARIABLE = YES;
				IPHONEOS_DEPLOYMENT_TARGET = 12.0;
				MTL_ENABLE_DEBUG_INFO = NO;
				MTL_FAST_MATH = YES;
				SDKROOT = iphoneos;
				SWIFT_COMPILATION_MODE = wholemodule;
				SWIFT_OPTIMIZATION_LEVEL = "-O";
				VALIDATE_PRODUCT = YES;
			};
			name = Release;
		};
		E25DAD7B2189044B005FAFF4 /* Debug */ = {
			isa = XCBuildConfiguration;
			baseConfigurationReference = 38DFC7748F1748E433518020 /* Pods-ProductFinder.debug.xcconfig */;
			buildSettings = {
				ASSETCATALOG_COMPILER_APPICON_NAME = AppIcon;
				CODE_SIGN_STYLE = Automatic;
				DEVELOPMENT_TEAM = R4KMQ38X5G;
				INFOPLIST_FILE = ProductFinder/Info.plist;
				IPHONEOS_DEPLOYMENT_TARGET = 11.4;
				LD_RUNPATH_SEARCH_PATHS = (
					"$(inherited)",
					"@executable_path/Frameworks",
				);
				PRODUCT_BUNDLE_IDENTIFIER = com.KarimArem.ProductFinder;
				PRODUCT_NAME = "$(TARGET_NAME)";
				SWIFT_VERSION = 4.2;
				TARGETED_DEVICE_FAMILY = "1,2";
			};
			name = Debug;
		};
		E25DAD7C2189044B005FAFF4 /* Release */ = {
			isa = XCBuildConfiguration;
			baseConfigurationReference = C9F3325B33FE569A2A0E0D33 /* Pods-ProductFinder.release.xcconfig */;
			buildSettings = {
				ASSETCATALOG_COMPILER_APPICON_NAME = AppIcon;
				CODE_SIGN_STYLE = Automatic;
				DEVELOPMENT_TEAM = R4KMQ38X5G;
				INFOPLIST_FILE = ProductFinder/Info.plist;
				IPHONEOS_DEPLOYMENT_TARGET = 11.4;
				LD_RUNPATH_SEARCH_PATHS = (
					"$(inherited)",
					"@executable_path/Frameworks",
				);
				PRODUCT_BUNDLE_IDENTIFIER = com.KarimArem.ProductFinder;
				PRODUCT_NAME = "$(TARGET_NAME)";
				SWIFT_VERSION = 4.2;
				TARGETED_DEVICE_FAMILY = "1,2";
			};
			name = Release;
		};
		E25DAD7E2189044B005FAFF4 /* Debug */ = {
			isa = XCBuildConfiguration;
			baseConfigurationReference = 22FFE89E9B0659AEE8773B2A /* Pods-ProductFinderTests.debug.xcconfig */;
			buildSettings = {
				ALWAYS_EMBED_SWIFT_STANDARD_LIBRARIES = YES;
				BUNDLE_LOADER = "$(TEST_HOST)";
				CODE_SIGN_STYLE = Automatic;
				INFOPLIST_FILE = ProductFinderTests/Info.plist;
				LD_RUNPATH_SEARCH_PATHS = (
					"$(inherited)",
					"@executable_path/Frameworks",
					"@loader_path/Frameworks",
				);
				PRODUCT_BUNDLE_IDENTIFIER = com.KarimArem.ProductFinderTests;
				PRODUCT_NAME = "$(TARGET_NAME)";
				SWIFT_VERSION = 4.2;
				TARGETED_DEVICE_FAMILY = "1,2";
				TEST_HOST = "$(BUILT_PRODUCTS_DIR)/ProductFinder.app/ProductFinder";
			};
			name = Debug;
		};
		E25DAD7F2189044B005FAFF4 /* Release */ = {
			isa = XCBuildConfiguration;
			baseConfigurationReference = B0F522D506597EA8598B1185 /* Pods-ProductFinderTests.release.xcconfig */;
			buildSettings = {
				ALWAYS_EMBED_SWIFT_STANDARD_LIBRARIES = YES;
				BUNDLE_LOADER = "$(TEST_HOST)";
				CODE_SIGN_STYLE = Automatic;
				INFOPLIST_FILE = ProductFinderTests/Info.plist;
				LD_RUNPATH_SEARCH_PATHS = (
					"$(inherited)",
					"@executable_path/Frameworks",
					"@loader_path/Frameworks",
				);
				PRODUCT_BUNDLE_IDENTIFIER = com.KarimArem.ProductFinderTests;
				PRODUCT_NAME = "$(TARGET_NAME)";
				SWIFT_VERSION = 4.2;
				TARGETED_DEVICE_FAMILY = "1,2";
				TEST_HOST = "$(BUILT_PRODUCTS_DIR)/ProductFinder.app/ProductFinder";
			};
			name = Release;
		};
		E25DAD812189044B005FAFF4 /* Debug */ = {
			isa = XCBuildConfiguration;
			baseConfigurationReference = D6E95FE2BC3093518F2B6360 /* Pods-ProductFinderUITests.debug.xcconfig */;
			buildSettings = {
				ALWAYS_EMBED_SWIFT_STANDARD_LIBRARIES = YES;
				CODE_SIGN_STYLE = Automatic;
				INFOPLIST_FILE = ProductFinderUITests/Info.plist;
				LD_RUNPATH_SEARCH_PATHS = (
					"$(inherited)",
					"@executable_path/Frameworks",
					"@loader_path/Frameworks",
				);
				PRODUCT_BUNDLE_IDENTIFIER = com.KarimArem.ProductFinderUITests;
				PRODUCT_NAME = "$(TARGET_NAME)";
				SWIFT_VERSION = 4.2;
				TARGETED_DEVICE_FAMILY = "1,2";
				TEST_TARGET_NAME = ProductFinder;
			};
			name = Debug;
		};
		E25DAD822189044B005FAFF4 /* Release */ = {
			isa = XCBuildConfiguration;
			baseConfigurationReference = 53F528DE94E879A2F94BCDC3 /* Pods-ProductFinderUITests.release.xcconfig */;
			buildSettings = {
				ALWAYS_EMBED_SWIFT_STANDARD_LIBRARIES = YES;
				CODE_SIGN_STYLE = Automatic;
				INFOPLIST_FILE = ProductFinderUITests/Info.plist;
				LD_RUNPATH_SEARCH_PATHS = (
					"$(inherited)",
					"@executable_path/Frameworks",
					"@loader_path/Frameworks",
				);
				PRODUCT_BUNDLE_IDENTIFIER = com.KarimArem.ProductFinderUITests;
				PRODUCT_NAME = "$(TARGET_NAME)";
				SWIFT_VERSION = 4.2;
				TARGETED_DEVICE_FAMILY = "1,2";
				TEST_TARGET_NAME = ProductFinder;
			};
			name = Release;
		};
/* End XCBuildConfiguration section */

/* Begin XCConfigurationList section */
		E25DAD4D21890449005FAFF4 /* Build configuration list for PBXProject "ProductFinder" */ = {
			isa = XCConfigurationList;
			buildConfigurations = (
				E25DAD782189044B005FAFF4 /* Debug */,
				E25DAD792189044B005FAFF4 /* Release */,
			);
			defaultConfigurationIsVisible = 0;
			defaultConfigurationName = Release;
		};
		E25DAD7A2189044B005FAFF4 /* Build configuration list for PBXNativeTarget "ProductFinder" */ = {
			isa = XCConfigurationList;
			buildConfigurations = (
				E25DAD7B2189044B005FAFF4 /* Debug */,
				E25DAD7C2189044B005FAFF4 /* Release */,
			);
			defaultConfigurationIsVisible = 0;
			defaultConfigurationName = Release;
		};
		E25DAD7D2189044B005FAFF4 /* Build configuration list for PBXNativeTarget "ProductFinderTests" */ = {
			isa = XCConfigurationList;
			buildConfigurations = (
				E25DAD7E2189044B005FAFF4 /* Debug */,
				E25DAD7F2189044B005FAFF4 /* Release */,
			);
			defaultConfigurationIsVisible = 0;
			defaultConfigurationName = Release;
		};
		E25DAD802189044B005FAFF4 /* Build configuration list for PBXNativeTarget "ProductFinderUITests" */ = {
			isa = XCConfigurationList;
			buildConfigurations = (
				E25DAD812189044B005FAFF4 /* Debug */,
				E25DAD822189044B005FAFF4 /* Release */,
			);
			defaultConfigurationIsVisible = 0;
			defaultConfigurationName = Release;
		};
/* End XCConfigurationList section */
	};
	rootObject = E25DAD4A21890449005FAFF4 /* Project object */;
}
